# This file was autogenerated by Stack.
# You should not edit this file by hand.
# For more information, please see the documentation at:
#   https://docs.haskellstack.org/en/stable/topics/lock_files

packages: []
snapshots:
- completed:
    sha256: f7bac574f1ba8b0e4dc6d6d842e59c6da626b979b1d063eae8e1602cb20d18e7
    size: 654474
    url: https://raw.githubusercontent.com/commercialhaskell/stackage-snapshots/master/nightly/2025/2/19.yaml
  original: nightly-2025-02-19
